// !$*UTF8*$!
{
	archiveVersion = 1;
	classes = {
	};
	objectVersion = 55;
	objects = {

/* Begin PBXBuildFile section */
		348942163CF6C3F102DFD386 /* Pods_ChartsTemplate.framework in Frameworks */ = {isa = PBXBuildFile; fileRef = AFA1716F38E86F1D202B7E61 /* Pods_ChartsTemplate.framework */; };
		CD44C0BE29889BAF00A9616C /* AppDelegate.swift in Sources */ = {isa = PBXBuildFile; fileRef = CD44C0BD29889BAF00A9616C /* AppDelegate.swift */; };
		CD44C0C229889BAF00A9616C /* DemoListViewController.swift in Sources */ = {isa = PBXBuildFile; fileRef = CD44C0C129889BAF00A9616C /* DemoListViewController.swift */; };
		CD44C0C729889BB000A9616C /* Assets.xcassets in Resources */ = {isa = PBXBuildFile; fileRef = CD44C0C629889BB000A9616C /* Assets.xcassets */; };
		CD44C0CA29889BB000A9616C /* LaunchScreen.storyboard in Resources */ = {isa = PBXBuildFile; fileRef = CD44C0C829889BB000A9616C /* LaunchScreen.storyboard */; };
		CD85F2E12989850D00CE9EA4 /* StackedBarChartViewController.swift in Sources */ = {isa = PBXBuildFile; fileRef = CD85F2E02989850D00CE9EA4 /* StackedBarChartViewController.swift */; };
/* End PBXBuildFile section */

/* Begin PBXFileReference section */
		65A02A059012597FCF48C118 /* Pods-ChartsTemplate.debug.xcconfig */ = {isa = PBXFileReference; includeInIndex = 1; lastKnownFileType = text.xcconfig; name = "Pods-ChartsTemplate.debug.xcconfig"; path = "Target Support Files/Pods-ChartsTemplate/Pods-ChartsTemplate.debug.xcconfig"; sourceTree = "<group>"; };
		7311B3CC0B5EC9446DFE7745 /* Pods-ChartsTemplate.release.xcconfig */ = {isa = PBXFileReference; includeInIndex = 1; lastKnownFileType = text.xcconfig; name = "Pods-ChartsTemplate.release.xcconfig"; path = "Target Support Files/Pods-ChartsTemplate/Pods-ChartsTemplate.release.xcconfig"; sourceTree = "<group>"; };
		AFA1716F38E86F1D202B7E61 /* Pods_ChartsTemplate.framework */ = {isa = PBXFileReference; explicitFileType = wrapper.framework; includeInIndex = 0; path = Pods_ChartsTemplate.framework; sourceTree = BUILT_PRODUCTS_DIR; };
		CD44C0BA29889BAF00A9616C /* ChartsTemplate.app */ = {isa = PBXFileReference; explicitFileType = wrapper.application; includeInIndex = 0; path = ChartsTemplate.app; sourceTree = BUILT_PRODUCTS_DIR; };
		CD44C0BD29889BAF00A9616C /* AppDelegate.swift */ = {isa = PBXFileReference; lastKnownFileType = sourcecode.swift; path = AppDelegate.swift; sourceTree = "<group>"; };
		CD44C0C129889BAF00A9616C /* DemoListViewController.swift */ = {isa = PBXFileReference; lastKnownFileType = sourcecode.swift; path = DemoListViewController.swift; sourceTree = "<group>"; };
		CD44C0C629889BB000A9616C /* Assets.xcassets */ = {isa = PBXFileReference; lastKnownFileType = folder.assetcatalog; path = Assets.xcassets; sourceTree = "<group>"; };
		CD44C0C929889BB000A9616C /* Base */ = {isa = PBXFileReference; lastKnownFileType = file.storyboard; name = Base; path = Base.lproj/LaunchScreen.storyboard; sourceTree = "<group>"; };
		CD44C0CB29889BB000A9616C /* Info.plist */ = {isa = PBXFileReference; lastKnownFileType = text.plist.xml; path = Info.plist; sourceTree = "<group>"; };
		CD85F2E02989850D00CE9EA4 /* StackedBarChartViewController.swift */ = {isa = PBXFileReference; lastKnownFileType = sourcecode.swift; path = StackedBarChartViewController.swift; sourceTree = "<group>"; };
/* End PBXFileReference section */

/* Begin PBXFrameworksBuildPhase section */
		CD44C0B729889BAF00A9616C /* Frameworks */ = {
			isa = PBXFrameworksBuildPhase;
			buildActionMask = 2147483647;
			files = (
				348942163CF6C3F102DFD386 /* Pods_ChartsTemplate.framework in Frameworks */,
			);
			runOnlyForDeploymentPostprocessing = 0;
		};
/* End PBXFrameworksBuildPhase section */

/* Begin PBXGroup section */
		223A1F00A6C16716F59D5FF6 /* Frameworks */ = {
			isa = PBXGroup;
			children = (
				AFA1716F38E86F1D202B7E61 /* Pods_ChartsTemplate.framework */,
			);
			name = Frameworks;
			sourceTree = "<group>";
		};
		6C34678C96DA46B8BB369253 /* Pods */ = {
			isa = PBXGroup;
			children = (
				65A02A059012597FCF48C118 /* Pods-ChartsTemplate.debug.xcconfig */,
				7311B3CC0B5EC9446DFE7745 /* Pods-ChartsTemplate.release.xcconfig */,
			);
			path = Pods;
			sourceTree = "<group>";
		};
		CD44C0B129889BAE00A9616C = {
			isa = PBXGroup;
			children = (
				CD44C0BC29889BAF00A9616C /* ChartsTemplate */,
				CD44C0BB29889BAF00A9616C /* Products */,
				6C34678C96DA46B8BB369253 /* Pods */,
				223A1F00A6C16716F59D5FF6 /* Frameworks */,
			);
			sourceTree = "<group>";
		};
		CD44C0BB29889BAF00A9616C /* Products */ = {
			isa = PBXGroup;
			children = (
				CD44C0BA29889BAF00A9616C /* ChartsTemplate.app */,
			);
			name = Products;
			sourceTree = "<group>";
		};
		CD44C0BC29889BAF00A9616C /* ChartsTemplate */ = {
			isa = PBXGroup;
			children = (
				CD44C0BD29889BAF00A9616C /* AppDelegate.swift */,
				CD44C0C129889BAF00A9616C /* DemoListViewController.swift */,
				CD44C0C629889BB000A9616C /* Assets.xcassets */,
				CD44C0C829889BB000A9616C /* LaunchScreen.storyboard */,
				CD44C0CB29889BB000A9616C /* Info.plist */,
				CD85F2E02989850D00CE9EA4 /* StackedBarChartViewController.swift */,
			);
			path = ChartsTemplate;
			sourceTree = "<group>";
		};
/* End PBXGroup section */

/* Begin PBXNativeTarget section */
		CD44C0B929889BAF00A9616C /* ChartsTemplate */ = {
			isa = PBXNativeTarget;
			buildConfigurationList = CD44C0CE29889BB000A9616C /* Build configuration list for PBXNativeTarget "ChartsTemplate" */;
			buildPhases = (
				3160C19F13A20F365B37E9BC /* [CP] Check Pods Manifest.lock */,
				CD44C0B629889BAF00A9616C /* Sources */,
				CD44C0B729889BAF00A9616C /* Frameworks */,
				CD44C0B829889BAF00A9616C /* Resources */,
				46877E4AAEE4137AC98C2D7F /* [CP] Embed Pods Frameworks */,
			);
			buildRules = (
			);
			dependencies = (
			);
			name = ChartsTemplate;
			productName = ChartsTemplate;
			productReference = CD44C0BA29889BAF00A9616C /* ChartsTemplate.app */;
			productType = "com.apple.product-type.application";
		};
/* End PBXNativeTarget section */

/* Begin PBXProject section */
		CD44C0B229889BAE00A9616C /* Project object */ = {
			isa = PBXProject;
			attributes = {
				BuildIndependentTargetsInParallel = 1;
				LastSwiftUpdateCheck = 1340;
				LastUpgradeCheck = 1340;
				TargetAttributes = {
					CD44C0B929889BAF00A9616C = {
						CreatedOnToolsVersion = 13.4.1;
					};
				};
			};
			buildConfigurationList = CD44C0B529889BAE00A9616C /* Build configuration list for PBXProject "ChartsTemplate" */;
			compatibilityVersion = "Xcode 13.0";
			developmentRegion = en;
			hasScannedForEncodings = 0;
			knownRegions = (
				en,
				Base,
			);
			mainGroup = CD44C0B129889BAE00A9616C;
			productRefGroup = CD44C0BB29889BAF00A9616C /* Products */;
			projectDirPath = "";
			projectRoot = "";
			targets = (
				CD44C0B929889BAF00A9616C /* ChartsTemplate */,
			);
		};
/* End PBXProject section */

/* Begin PBXResourcesBuildPhase section */
		CD44C0B829889BAF00A9616C /* Resources */ = {
			isa = PBXResourcesBuildPhase;
			buildActionMask = 2147483647;
			files = (
				CD44C0CA29889BB000A9616C /* LaunchScreen.storyboard in Resources */,
				CD44C0C729889BB000A9616C /* Assets.xcassets in Resources */,
			);
			runOnlyForDeploymentPostprocessing = 0;
		};
/* End PBXResourcesBuildPhase section */

/* Begin PBXShellScriptBuildPhase section */
		3160C19F13A20F365B37E9BC /* [CP] Check Pods Manifest.lock */ = {
			isa = PBXShellScriptBuildPhase;
			buildActionMask = 2147483647;
			files = (
			);
			inputFileListPaths = (
			);
			inputPaths = (
				"${PODS_PODFILE_DIR_PATH}/Podfile.lock",
				"${PODS_ROOT}/Manifest.lock",
			);
			name = "[CP] Check Pods Manifest.lock";
			outputFileListPaths = (
			);
			outputPaths = (
				"$(DERIVED_FILE_DIR)/Pods-ChartsTemplate-checkManifestLockResult.txt",
			);
			runOnlyForDeploymentPostprocessing = 0;
			shellPath = /bin/sh;
			shellScript = "diff \"${PODS_PODFILE_DIR_PATH}/Podfile.lock\" \"${PODS_ROOT}/Manifest.lock\" > /dev/null\nif [ $? != 0 ] ; then\n    # print error to STDERR\n    echo \"error: The sandbox is not in sync with the Podfile.lock. Run 'pod install' or update your CocoaPods installation.\" >&2\n    exit 1\nfi\n# This output is used by Xcode 'outputs' to avoid re-running this script phase.\necho \"SUCCESS\" > \"${SCRIPT_OUTPUT_FILE_0}\"\n";
			showEnvVarsInLog = 0;
		};
		46877E4AAEE4137AC98C2D7F /* [CP] Embed Pods Frameworks */ = {
			isa = PBXShellScriptBuildPhase;
			buildActionMask = 2147483647;
			files = (
			);
			inputFileListPaths = (
				"${PODS_ROOT}/Target Support Files/Pods-ChartsTemplate/Pods-ChartsTemplate-frameworks-${CONFIGURATION}-input-files.xcfilelist",
			);
			name = "[CP] Embed Pods Frameworks";
			outputFileListPaths = (
				"${PODS_ROOT}/Target Support Files/Pods-ChartsTemplate/Pods-ChartsTemplate-frameworks-${CONFIGURATION}-output-files.xcfilelist",
			);
			runOnlyForDeploymentPostprocessing = 0;
			shellPath = /bin/sh;
			shellScript = "\"${PODS_ROOT}/Target Support Files/Pods-ChartsTemplate/Pods-ChartsTemplate-frameworks.sh\"\n";
			showEnvVarsInLog = 0;
		};
/* End PBXShellScriptBuildPhase section */

/* Begin PBXSourcesBuildPhase section */
		CD44C0B629889BAF00A9616C /* Sources */ = {
			isa = PBXSourcesBuildPhase;
			buildActionMask = 2147483647;
			files = (
				CD44C0C229889BAF00A9616C /* DemoListViewController.swift in Sources */,
				CD44C0BE29889BAF00A9616C /* AppDelegate.swift in Sources */,
				CD85F2E12989850D00CE9EA4 /* StackedBarChartViewController.swift in Sources */,
			);
			runOnlyForDeploymentPostprocessing = 0;
		};
/* End PBXSourcesBuildPhase section */

/* Begin PBXVariantGroup section */
		CD44C0C829889BB000A9616C /* LaunchScreen.storyboard */ = {
			isa = PBXVariantGroup;
			children = (
				CD44C0C929889BB000A9616C /* Base */,
			);
			name = LaunchScreen.storyboard;
			sourceTree = "<group>";
		};
/* End PBXVariantGroup section */

/* Begin XCBuildConfiguration section */
		CD44C0CC29889BB000A9616C /* Debug */ = {
			isa = XCBuildConfiguration;
			buildSettings = {
				ALWAYS_SEARCH_USER_PATHS = NO;
				CLANG_ANALYZER_NONNULL = YES;
				CLANG_ANALYZER_NUMBER_OBJECT_CONVERSION = YES_AGGRESSIVE;
				CLANG_CXX_LANGUAGE_STANDARD = "gnu++17";
				CLANG_ENABLE_MODULES = YES;
				CLANG_ENABLE_OBJC_ARC = YES;
				CLANG_ENABLE_OBJC_WEAK = YES;
				CLANG_WARN_BLOCK_CAPTURE_AUTORELEASING = YES;
				CLANG_WARN_BOOL_CONVERSION = YES;
				CLANG_WARN_COMMA = YES;
				CLANG_WARN_CONSTANT_CONVERSION = YES;
				CLANG_WARN_DEPRECATED_OBJC_IMPLEMENTATIONS = YES;
				CLANG_WARN_DIRECT_OBJC_ISA_USAGE = YES_ERROR;
				CLANG_WARN_DOCUMENTATION_COMMENTS = YES;
				CLANG_WARN_EMPTY_BODY = YES;
				CLANG_WARN_ENUM_CONVERSION = YES;
				CLANG_WARN_INFINITE_RECURSION = YES;
				CLANG_WARN_INT_CONVERSION = YES;
				CLANG_WARN_NON_LITERAL_NULL_CONVERSION = YES;
				CLANG_WARN_OBJC_IMPLICIT_RETAIN_SELF = YES;
				CLANG_WARN_OBJC_LITERAL_CONVERSION = YES;
				CLANG_WARN_OBJC_ROOT_CLASS = YES_ERROR;
				CLANG_WARN_QUOTED_INCLUDE_IN_FRAMEWORK_HEADER = YES;
				CLANG_WARN_RANGE_LOOP_ANALYSIS = YES;
				CLANG_WARN_STRICT_PROTOTYPES = YES;
				CLANG_WARN_SUSPICIOUS_MOVE = YES;
				CLANG_WARN_UNGUARDED_AVAILABILITY = YES_AGGRESSIVE;
				CLANG_WARN_UNREACHABLE_CODE = YES;
				CLANG_WARN__DUPLICATE_METHOD_MATCH = YES;
				COPY_PHASE_STRIP = NO;
				DEBUG_INFORMATION_FORMAT = dwarf;
				ENABLE_STRICT_OBJC_MSGSEND = YES;
				ENABLE_TESTABILITY = YES;
				GCC_C_LANGUAGE_STANDARD = gnu11;
				GCC_DYNAMIC_NO_PIC = NO;
				GCC_NO_COMMON_BLOCKS = YES;
				GCC_OPTIMIZATION_LEVEL = 0;
				GCC_PREPROCESSOR_DEFINITIONS = (
					"DEBUG=1",
					"$(inherited)",
				);
				GCC_WARN_64_TO_32_BIT_CONVERSION = YES;
				GCC_WARN_ABOUT_RETURN_TYPE = YES_ERROR;
				GCC_WARN_UNDECLARED_SELECTOR = YES;
				GCC_WARN_UNINITIALIZED_AUTOS = YES_AGGRESSIVE;
				GCC_WARN_UNUSED_FUNCTION = YES;
				GCC_WARN_UNUSED_VARIABLE = YES;
				IPHONEOS_DEPLOYMENT_TARGET = 15.5;
				MTL_ENABLE_DEBUG_INFO = INCLUDE_SOURCE;
				MTL_FAST_MATH = YES;
				ONLY_ACTIVE_ARCH = YES;
				SDKROOT = iphoneos;
				SWIFT_ACTIVE_COMPILATION_CONDITIONS = DEBUG;
				SWIFT_OPTIMIZATION_LEVEL = "-Onone";
			};
			name = Debug;
		};
		CD44C0CD29889BB000A9616C /* Release */ = {
			isa = XCBuildConfiguration;
			buildSettings = {
				ALWAYS_SEARCH_USER_PATHS = NO;
				CLANG_ANALYZER_NONNULL = YES;
				CLANG_ANALYZER_NUMBER_OBJECT_CONVERSION = YES_AGGRESSIVE;
				CLANG_CXX_LANGUAGE_STANDARD = "gnu++17";
				CLANG_ENABLE_MODULES = YES;
				CLANG_ENABLE_OBJC_ARC = YES;
				CLANG_ENABLE_OBJC_WEAK = YES;
				CLANG_WARN_BLOCK_CAPTURE_AUTORELEASING = YES;
				CLANG_WARN_BOOL_CONVERSION = YES;
				CLANG_WARN_COMMA = YES;
				CLANG_WARN_CONSTANT_CONVERSION = YES;
				CLANG_WARN_DEPRECATED_OBJC_IMPLEMENTATIONS = YES;
				CLANG_WARN_DIRECT_OBJC_ISA_USAGE = YES_ERROR;
				CLANG_WARN_DOCUMENTATION_COMMENTS = YES;
				CLANG_WARN_EMPTY_BODY = YES;
				CLANG_WARN_ENUM_CONVERSION = YES;
				CLANG_WARN_INFINITE_RECURSION = YES;
				CLANG_WARN_INT_CONVERSION = YES;
				CLANG_WARN_NON_LITERAL_NULL_CONVERSION = YES;
				CLANG_WARN_OBJC_IMPLICIT_RETAIN_SELF = YES;
				CLANG_WARN_OBJC_LITERAL_CONVERSION = YES;
				CLANG_WARN_OBJC_ROOT_CLASS = YES_ERROR;
				CLANG_WARN_QUOTED_INCLUDE_IN_FRAMEWORK_HEADER = YES;
				CLANG_WARN_RANGE_LOOP_ANALYSIS = YES;
				CLANG_WARN_STRICT_PROTOTYPES = YES;
				CLANG_WARN_SUSPICIOUS_MOVE = YES;
				CLANG_WARN_UNGUARDED_AVAILABILITY = YES_AGGRESSIVE;
				CLANG_WARN_UNREACHABLE_CODE = YES;
				CLANG_WARN__DUPLICATE_METHOD_MATCH = YES;
				COPY_PHASE_STRIP = NO;
				DEBUG_INFORMATION_FORMAT = "dwarf-with-dsym";
				ENABLE_NS_ASSERTIONS = NO;
				ENABLE_STRICT_OBJC_MSGSEND = YES;
				GCC_C_LANGUAGE_STANDARD = gnu11;
				GCC_NO_COMMON_BLOCKS = YES;
				GCC_WARN_64_TO_32_BIT_CONVERSION = YES;
				GCC_WARN_ABOUT_RETURN_TYPE = YES_ERROR;
				GCC_WARN_UNDECLARED_SELECTOR = YES;
				GCC_WARN_UNINITIALIZED_AUTOS = YES_AGGRESSIVE;
				GCC_WARN_UNUSED_FUNCTION = YES;
				GCC_WARN_UNUSED_VARIABLE = YES;
				IPHONEOS_DEPLOYMENT_TARGET = 15.5;
				MTL_ENABLE_DEBUG_INFO = NO;
				MTL_FAST_MATH = YES;
				SDKROOT = iphoneos;
				SWIFT_COMPILATION_MODE = wholemodule;
				SWIFT_OPTIMIZATION_LEVEL = "-O";
				VALIDATE_PRODUCT = YES;
			};
			name = Release;
		};
		CD44C0CF29889BB000A9616C /* Debug */ = {
			isa = XCBuildConfiguration;
			baseConfigurationReference = 65A02A059012597FCF48C118 /* Pods-ChartsTemplate.debug.xcconfig */;
			buildSettings = {
				ASSETCATALOG_COMPILER_APPICON_NAME = AppIcon;
				ASSETCATALOG_COMPILER_GLOBAL_ACCENT_COLOR_NAME = AccentColor;
				CODE_SIGN_STYLE = Automatic;
				CURRENT_PROJECT_VERSION = 1;
				DEVELOPMENT_TEAM = 86YX7T745R;
				GENERATE_INFOPLIST_FILE = YES;
				INFOPLIST_FILE = ChartsTemplate/Info.plist;
				INFOPLIST_KEY_UIApplicationSupportsIndirectInputEvents = YES;
				INFOPLIST_KEY_UILaunchStoryboardName = LaunchScreen;
				INFOPLIST_KEY_UISupportedInterfaceOrientations_iPad = "UIInterfaceOrientationPortrait UIInterfaceOrientationPortraitUpsideDown UIInterfaceOrientationLandscapeLeft UIInterfaceOrientationLandscapeRight";
				INFOPLIST_KEY_UISupportedInterfaceOrientations_iPhone = "UIInterfaceOrientationPortrait UIInterfaceOrientationLandscapeLeft UIInterfaceOrientationLandscapeRight";
				IPHONEOS_DEPLOYMENT_TARGET = 12.0;
				LD_RUNPATH_SEARCH_PATHS = (
					"$(inherited)",
					"@executable_path/Frameworks",
				);
				MARKETING_VERSION = 1.0;
				PRODUCT_BUNDLE_IDENTIFIER = com.alivecor.alivecorkitui.ChartsTemplate;
				PRODUCT_NAME = "$(TARGET_NAME)";
				SWIFT_EMIT_LOC_STRINGS = YES;
				SWIFT_VERSION = 5.0;
				TARGETED_DEVICE_FAMILY = "1,2";
			};
			name = Debug;
		};
		CD44C0D029889BB000A9616C /* Release */ = {
			isa = XCBuildConfiguration;
			baseConfigurationReference = 7311B3CC0B5EC9446DFE7745 /* Pods-ChartsTemplate.release.xcconfig */;
			buildSettings = {
				ASSETCATALOG_COMPILER_APPICON_NAME = AppIcon;
				ASSETCATALOG_COMPILER_GLOBAL_ACCENT_COLOR_NAME = AccentColor;
				CODE_SIGN_STYLE = Automatic;
				CURRENT_PROJECT_VERSION = 1;
				DEVELOPMENT_TEAM = 86YX7T745R;
				GENERATE_INFOPLIST_FILE = YES;
				INFOPLIST_FILE = ChartsTemplate/Info.plist;
				INFOPLIST_KEY_UIApplicationSupportsIndirectInputEvents = YES;
				INFOPLIST_KEY_UILaunchStoryboardName = LaunchScreen;
				INFOPLIST_KEY_UISupportedInterfaceOrientations_iPad = "UIInterfaceOrientationPortrait UIInterfaceOrientationPortraitUpsideDown UIInterfaceOrientationLandscapeLeft UIInterfaceOrientationLandscapeRight";
				INFOPLIST_KEY_UISupportedInterfaceOrientations_iPhone = "UIInterfaceOrientationPortrait UIInterfaceOrientationLandscapeLeft UIInterfaceOrientationLandscapeRight";
				IPHONEOS_DEPLOYMENT_TARGET = 12.0;
				LD_RUNPATH_SEARCH_PATHS = (
					"$(inherited)",
					"@executable_path/Frameworks",
				);
				MARKETING_VERSION = 1.0;
				PRODUCT_BUNDLE_IDENTIFIER = com.alivecor.alivecorkitui.ChartsTemplate;
				PRODUCT_NAME = "$(TARGET_NAME)";
				SWIFT_EMIT_LOC_STRINGS = YES;
				SWIFT_VERSION = 5.0;
				TARGETED_DEVICE_FAMILY = "1,2";
			};
			name = Release;
		};
/* End XCBuildConfiguration section */

/* Begin XCConfigurationList section */
		CD44C0B529889BAE00A9616C /* Build configuration list for PBXProject "ChartsTemplate" */ = {
			isa = XCConfigurationList;
			buildConfigurations = (
				CD44C0CC29889BB000A9616C /* Debug */,
				CD44C0CD29889BB000A9616C /* Release */,
			);
			defaultConfigurationIsVisible = 0;
			defaultConfigurationName = Release;
		};
		CD44C0CE29889BB000A9616C /* Build configuration list for PBXNativeTarget "ChartsTemplate" */ = {
			isa = XCConfigurationList;
			buildConfigurations = (
				CD44C0CF29889BB000A9616C /* Debug */,
				CD44C0D029889BB000A9616C /* Release */,
			);
			defaultConfigurationIsVisible = 0;
			defaultConfigurationName = Release;
		};
/* End XCConfigurationList section */
	};
	rootObject = CD44C0B229889BAE00A9616C /* Project object */;
}
